
Microsoft Visual Studio Solution File, Format Version 12.00
# Visual Studio Version 17
VisualStudioVersion = 17.7.34221.43
MinimumVisualStudioVersion = 10.0.40219.1
Project("{FAE04EC0-301F-11D3-BF4B-00C04F79EFBC}") = "ызщке", "ызщке.csproj", "{05200D41-7555-4FDA-9EC9-0FB4E6737184}"
EndProject
Global
	GlobalSection(SolutionConfigurationPlatforms) = preSolution
		Debug|Any CPU = Debug|Any CPU
		Release|Any CPU = Release|Any CPU
	EndGlobalSection
	GlobalSection(ProjectConfigurationPlatforms) = postSolution
		{05200D41-7555-4FDA-9EC9-0FB4E6737184}.Debug|Any CPU.ActiveCfg = Debug|Any CPU
		{05200D41-7555-4FDA-9EC9-0FB4E6737184}.Debug|Any CPU.Build.0 = Debug|Any CPU
		{05200D41-7555-4FDA-9EC9-0FB4E6737184}.Release|Any CPU.ActiveCfg = Release|Any CPU
		{05200D41-7555-4FDA-9EC9-0FB4E6737184}.Release|Any CPU.Build.0 = Release|Any CPU
	EndGlobalSection
	GlobalSection(SolutionProperties) = preSolution
		HideSolutionNode = FALSE
	EndGlobalSection
	GlobalSection(ExtensibilityGlobals) = postSolution
		SolutionGuid = {D4D7D8B6-5BE1-41CD-A38F-03BEF5329F81}
	EndGlobalSection
EndGlobal
